
Microsoft Visual Studio Solution File, Format Version 12.00
# Visual Studio Version 16
VisualStudioVersion = 16.0.30523.141
MinimumVisualStudioVersion = 10.0.40219.1
Project("{FAE04EC0-301F-11D3-BF4B-00C04F79EFBC}") = "Attiladatabase", "Attiladatabase.csproj", "{21EFE3FE-047B-42CC-9A8A-E100E69DE247}"
EndProject
Global
	GlobalSection(SolutionConfigurationPlatforms) = preSolution
		Debug|Any CPU = Debug|Any CPU
		Release|Any CPU = Release|Any CPU
	EndGlobalSection
	GlobalSection(ProjectConfigurationPlatforms) = postSolution
		{21EFE3FE-047B-42CC-9A8A-E100E69DE247}.Debug|Any CPU.ActiveCfg = Debug|Any CPU
		{21EFE3FE-047B-42CC-9A8A-E100E69DE247}.Debug|Any CPU.Build.0 = Debug|Any CPU
		{21EFE3FE-047B-42CC-9A8A-E100E69DE247}.Release|Any CPU.ActiveCfg = Release|Any CPU
		{21EFE3FE-047B-42CC-9A8A-E100E69DE247}.Release|Any CPU.Build.0 = Release|Any CPU
	EndGlobalSection
	GlobalSection(SolutionProperties) = preSolution
		HideSolutionNode = FALSE
	EndGlobalSection
	GlobalSection(ExtensibilityGlobals) = postSolution
		SolutionGuid = {147FA0D3-DFA7-4DED-9628-B0B53B7D7F30}
	EndGlobalSection
EndGlobal
